
Microsoft Visual Studio Solution File, Format Version 12.00
# Visual Studio Version 17
VisualStudioVersion = 17.8.34525.116
MinimumVisualStudioVersion = 10.0.40219.1
Project("{FAE04EC0-301F-11D3-BF4B-00C04F79EFBC}") = "closeServ", "closeServ\closeServ.csproj", "{D313E4DC-82D2-4397-9284-79FD5C6B2B53}"
EndProject
Global
	GlobalSection(SolutionConfigurationPlatforms) = preSolution
		Debug|Any CPU = Debug|Any CPU
		Release|Any CPU = Release|Any CPU
	EndGlobalSection
	GlobalSection(ProjectConfigurationPlatforms) = postSolution
		{D313E4DC-82D2-4397-9284-79FD5C6B2B53}.Debug|Any CPU.ActiveCfg = Debug|Any CPU
		{D313E4DC-82D2-4397-9284-79FD5C6B2B53}.Debug|Any CPU.Build.0 = Debug|Any CPU
		{D313E4DC-82D2-4397-9284-79FD5C6B2B53}.Release|Any CPU.ActiveCfg = Release|Any CPU
		{D313E4DC-82D2-4397-9284-79FD5C6B2B53}.Release|Any CPU.Build.0 = Release|Any CPU
	EndGlobalSection
	GlobalSection(SolutionProperties) = preSolution
		HideSolutionNode = FALSE
	EndGlobalSection
	GlobalSection(ExtensibilityGlobals) = postSolution
		SolutionGuid = {F3E40AE5-24E2-4B60-B3BE-2B02DF9D1AA1}
	EndGlobalSection
EndGlobal
